
Microsoft Visual Studio Solution File, Format Version 12.00
# Visual Studio Version 17
VisualStudioVersion = 17.7.34221.43
MinimumVisualStudioVersion = 10.0.40219.1
Project("{FAE04EC0-301F-11D3-BF4B-00C04F79EFBC}") = "MoviesApp", "MoviesApp\MoviesApp.csproj", "{FFF7C2ED-CFDA-4104-8807-5CBD576B2F30}"
EndProject
Global
	GlobalSection(SolutionConfigurationPlatforms) = preSolution
		Debug|Any CPU = Debug|Any CPU
		Release|Any CPU = Release|Any CPU
	EndGlobalSection
	GlobalSection(ProjectConfigurationPlatforms) = postSolution
		{FFF7C2ED-CFDA-4104-8807-5CBD576B2F30}.Debug|Any CPU.ActiveCfg = Debug|Any CPU
		{FFF7C2ED-CFDA-4104-8807-5CBD576B2F30}.Debug|Any CPU.Build.0 = Debug|Any CPU
		{FFF7C2ED-CFDA-4104-8807-5CBD576B2F30}.Release|Any CPU.ActiveCfg = Release|Any CPU
		{FFF7C2ED-CFDA-4104-8807-5CBD576B2F30}.Release|Any CPU.Build.0 = Release|Any CPU
	EndGlobalSection
	GlobalSection(SolutionProperties) = preSolution
		HideSolutionNode = FALSE
	EndGlobalSection
	GlobalSection(ExtensibilityGlobals) = postSolution
		SolutionGuid = {EBB78649-EEE9-4D44-89A0-5ACDA407D90B}
	EndGlobalSection
EndGlobal
